
Microsoft Visual Studio Solution File, Format Version 12.00
# Visual Studio Version 17
VisualStudioVersion = 17.7.34031.279
MinimumVisualStudioVersion = 10.0.40219.1
Project("{FAE04EC0-301F-11D3-BF4B-00C04F79EFBC}") = "FermatTheorem", "FermatTheorem\FermatTheorem.csproj", "{143CBF3B-E54F-43CA-82E8-F8FDAE7FAB17}"
EndProject
Project("{FAE04EC0-301F-11D3-BF4B-00C04F79EFBC}") = "TestProject1", "TestProject1\TestProject1.csproj", "{AC93072A-E023-457B-945F-E84A6DEB22DA}"
EndProject
Global
	GlobalSection(SolutionConfigurationPlatforms) = preSolution
		Debug|Any CPU = Debug|Any CPU
		Release|Any CPU = Release|Any CPU
	EndGlobalSection
	GlobalSection(ProjectConfigurationPlatforms) = postSolution
		{143CBF3B-E54F-43CA-82E8-F8FDAE7FAB17}.Debug|Any CPU.ActiveCfg = Debug|Any CPU
		{143CBF3B-E54F-43CA-82E8-F8FDAE7FAB17}.Debug|Any CPU.Build.0 = Debug|Any CPU
		{143CBF3B-E54F-43CA-82E8-F8FDAE7FAB17}.Release|Any CPU.ActiveCfg = Release|Any CPU
		{143CBF3B-E54F-43CA-82E8-F8FDAE7FAB17}.Release|Any CPU.Build.0 = Release|Any CPU
		{AC93072A-E023-457B-945F-E84A6DEB22DA}.Debug|Any CPU.ActiveCfg = Debug|Any CPU
		{AC93072A-E023-457B-945F-E84A6DEB22DA}.Debug|Any CPU.Build.0 = Debug|Any CPU
		{AC93072A-E023-457B-945F-E84A6DEB22DA}.Release|Any CPU.ActiveCfg = Release|Any CPU
		{AC93072A-E023-457B-945F-E84A6DEB22DA}.Release|Any CPU.Build.0 = Release|Any CPU
	EndGlobalSection
	GlobalSection(SolutionProperties) = preSolution
		HideSolutionNode = FALSE
	EndGlobalSection
	GlobalSection(ExtensibilityGlobals) = postSolution
		SolutionGuid = {56BBCF91-9337-45FB-968B-819F80D4E3FB}
	EndGlobalSection
EndGlobal
